{
  "version": 1,
  "dependencies": {
    "net8.0-windows7.0": {
      "DalamudPackager": {
        "type": "Direct",
        "requested": "[2.1.13, )",
        "resolved": "2.1.13",
        "contentHash": "rMN1omGe8536f4xLMvx9NwfvpAc9YFFfeXJ1t4P4PE6Gu8WCIoFliR1sh07hM+bfODmesk/dvMbji7vNI+B/pQ=="
      },
      "Fleck": {
        "type": "Direct",
        "requested": "[1.0.13, )",
        "resolved": "1.1.0",
        "contentHash": "X33W1PqRciRmh8Q23klEv3CiRS681IUJj/Ldlgi96lSfq1Uaux3l1qNewRDboiUxnHfoNtcIhFMIhc9AJ4cw6g=="
      }
    }
  }
}